
Microsoft Visual Studio Solution File, Format Version 12.00
# Visual Studio Version 16
VisualStudioVersion = 16.0.31729.503
MinimumVisualStudioVersion = 10.0.40219.1
Project("{FAE04EC0-301F-11D3-BF4B-00C04F79EFBC}") = "Lab 9", "Lab 9\Lab 9.csproj", "{AC881A59-AAB0-4F48-854B-BD2C33F3C252}"
EndProject
Global
	GlobalSection(SolutionConfigurationPlatforms) = preSolution
		Debug|Any CPU = Debug|Any CPU
		Release|Any CPU = Release|Any CPU
	EndGlobalSection
	GlobalSection(ProjectConfigurationPlatforms) = postSolution
		{AC881A59-AAB0-4F48-854B-BD2C33F3C252}.Debug|Any CPU.ActiveCfg = Debug|Any CPU
		{AC881A59-AAB0-4F48-854B-BD2C33F3C252}.Debug|Any CPU.Build.0 = Debug|Any CPU
		{AC881A59-AAB0-4F48-854B-BD2C33F3C252}.Release|Any CPU.ActiveCfg = Release|Any CPU
		{AC881A59-AAB0-4F48-854B-BD2C33F3C252}.Release|Any CPU.Build.0 = Release|Any CPU
	EndGlobalSection
	GlobalSection(SolutionProperties) = preSolution
		HideSolutionNode = FALSE
	EndGlobalSection
	GlobalSection(ExtensibilityGlobals) = postSolution
		SolutionGuid = {3F255941-0B28-468E-9529-C963499622B1}
	EndGlobalSection
EndGlobal
